{
    "name": "@amalto/service-helpers",
    "version": "1.9.41",
    "lockfileVersion": 1,
    "requires": true,
    "dependencies": {
        "@types/react": {
            "version": "15.6.28",
            "resolved": "https://registry.npmjs.org/@types/react/-/react-15.6.28.tgz",
            "integrity": "sha512-xqkECNDgjbHK2Ak99XRaK07pBq8jpbnpxfY8MNSaSbQxzksX782ALRuU6J9zjKI5PmJdRTYOLfa4KjnJYxmHfw==",
            "dev": true
        }
    }
}
