{
	"name": "@amalto/signature",
	"version": "1.9.29",
	"lockfileVersion": 1,
	"requires": true,
	"dependencies": {
		"@babel/runtime": {
			"version": "7.7.4",
			"resolved": "https://registry.npmjs.org/@babel/runtime/-/runtime-7.7.4.tgz",
			"integrity": "sha512-r24eVUUr0QqNZa+qrImUk8fn5SPhHq+IfYvIoIMg0do3GdK9sMdiLKP3GYVVaxpPKORgm8KRKaNTEhAjgIpLMw==",
			"requires": {
				"regenerator-runtime": "^0.13.2"
			}
		},
		"@types/jquery": {
			"version": "3.3.31",
			"resolved": "https://registry.npmjs.org/@types/jquery/-/jquery-3.3.31.tgz",
			"integrity": "sha512-Lz4BAJihoFw5nRzKvg4nawXPzutkv7wmfQ5121avptaSIXlDNJCUuxZxX/G+9EVidZGuO0UBlk+YjKbwRKJigg==",
			"dev": true,
			"requires": {
				"@types/sizzle": "*"
			}
		},
		"@types/sizzle": {
			"version": "2.3.2",
			"resolved": "https://registry.npmjs.org/@types/sizzle/-/sizzle-2.3.2.tgz",
			"integrity": "sha512-7EJYyKTL7tFR8+gDbB6Wwz/arpGa0Mywk1TJbNzKzHtzbwVmY4HR9WqS5VV7dsBUKQmPNr192jHr/VpBluj/hg==",
			"dev": true
		},
		"js-tokens": {
			"version": "4.0.0",
			"resolved": "https://registry.npmjs.org/js-tokens/-/js-tokens-4.0.0.tgz",
			"integrity": "sha512-RdJUflcE3cUzKiMqQgsCu06FPu9UdIJO0beYbPhHN4k6apgJtifcoCtT9bcxOpYBtpD2kCM6Sbzg4CausW/PKQ=="
		},
		"loose-envify": {
			"version": "1.4.0",
			"resolved": "https://registry.npmjs.org/loose-envify/-/loose-envify-1.4.0.tgz",
			"integrity": "sha512-lyuxPGr/Wfhrlem2CL/UcnUc1zcqKAImBDzukY7Y5F/yQiNdko6+fRLevlw1HgMySw7f611UIY408EtxRSoK3Q==",
			"requires": {
				"js-tokens": "^3.0.0 || ^4.0.0"
			}
		},
		"object-assign": {
			"version": "4.1.1",
			"resolved": "https://registry.npmjs.org/object-assign/-/object-assign-4.1.1.tgz",
			"integrity": "sha1-IQmtx5ZYh8/AXLvUQsrIv7s2CGM="
		},
		"prop-types": {
			"version": "15.7.2",
			"resolved": "https://registry.npmjs.org/prop-types/-/prop-types-15.7.2.tgz",
			"integrity": "sha512-8QQikdH7//R2vurIJSutZ1smHYTcLpRWEOlHnzcWHmBYrOGUysKwSsrC89BCiFj3CbrfJ/nXFdJepOVrY1GCHQ==",
			"requires": {
				"loose-envify": "^1.4.0",
				"object-assign": "^4.1.1",
				"react-is": "^16.8.1"
			}
		},
		"react-is": {
			"version": "16.12.0",
			"resolved": "https://registry.npmjs.org/react-is/-/react-is-16.12.0.tgz",
			"integrity": "sha512-rPCkf/mWBtKc97aLL9/txD8DZdemK0vkA3JMLShjlJB3Pj3s+lpf1KaBzMfQrAmhMQB0n1cU/SUGgKKBCe837Q=="
		},
		"react-signature-pad-wrapper": {
			"version": "1.2.6",
			"resolved": "https://registry.npmjs.org/react-signature-pad-wrapper/-/react-signature-pad-wrapper-1.2.6.tgz",
			"integrity": "sha512-iHu3E7MTwtVuS+rYGx9/wp/kjA3zY0Zxvv9PcVmskkuz4q16+PJyqZ5tt9+mSjQSiGcYt1u747jg04+URrOfkw==",
			"requires": {
				"@babel/runtime": "^7.5.4",
				"prop-types": "^15.7.2",
				"react": "^16.8.6",
				"signature_pad": "^2.3.2",
				"throttle-debounce": "^2.1.0"
			},
			"dependencies": {
				"react": {
					"version": "16.12.0",
					"resolved": "https://registry.npmjs.org/react/-/react-16.12.0.tgz",
					"integrity": "sha512-fglqy3k5E+81pA8s+7K0/T3DBCF0ZDOher1elBFzF7O6arXJgzyu/FW+COxFvAWXJoJN9KIZbT2LXlukwphYTA==",
					"requires": {
						"loose-envify": "^1.1.0",
						"object-assign": "^4.1.1",
						"prop-types": "^15.6.2"
					}
				}
			}
		},
		"regenerator-runtime": {
			"version": "0.13.3",
			"resolved": "https://registry.npmjs.org/regenerator-runtime/-/regenerator-runtime-0.13.3.tgz",
			"integrity": "sha512-naKIZz2GQ8JWh///G7L3X6LaQUAMp2lvb1rvwwsURe/VXwD6VMfr+/1NuNw3ag8v2kY1aQ/go5SNn79O9JU7yw=="
		},
		"signature_pad": {
			"version": "2.3.2",
			"resolved": "https://registry.npmjs.org/signature_pad/-/signature_pad-2.3.2.tgz",
			"integrity": "sha512-peYXLxOsIY6MES2TrRLDiNg2T++8gGbpP2yaC+6Ohtxr+a2dzoaqWosWDY9sWqTAAk6E/TyQO+LJw9zQwyu5kA=="
		},
		"throttle-debounce": {
			"version": "2.1.0",
			"resolved": "https://registry.npmjs.org/throttle-debounce/-/throttle-debounce-2.1.0.tgz",
			"integrity": "sha512-AOvyNahXQuU7NN+VVvOOX+uW6FPaWdAOdRP5HfwYxAfCzXTFKRMoIMk+n+po318+ktcChx+F1Dd91G3YHeMKyg=="
		}
	}
}
