{
	"name": "@amalto/restricted",
	"version": "1.9.29",
	"lockfileVersion": 1,
	"requires": true,
	"dependencies": {
		"@amalto/action-button": {
			"version": "1.9.10",
			"resolved": "https://registry.npmjs.org/@amalto/action-button/-/action-button-1.9.10.tgz",
			"integrity": "sha512-mm/DitlsWKBAx/yoN0LfHgVQRAa+/TaWGjyWl4cJX6u3oOqpovh391QOBjw37nZLzrrQeI2iIMg781wSd3iIoA==",
			"requires": {
				"classnames": "^2.2.6",
				"react": "15.6.2",
				"react-dom": "15.6.2"
			},
			"dependencies": {
				"react": {
					"version": "15.6.2",
					"resolved": "https://registry.npmjs.org/react/-/react-15.6.2.tgz",
					"integrity": "sha1-26BDSrQ5z+gvEI8PURZjkIF5qnI=",
					"requires": {
						"create-react-class": "^15.6.0",
						"fbjs": "^0.8.9",
						"loose-envify": "^1.1.0",
						"object-assign": "^4.1.0",
						"prop-types": "^15.5.10"
					}
				},
				"react-dom": {
					"version": "15.6.2",
					"resolved": "https://registry.npmjs.org/react-dom/-/react-dom-15.6.2.tgz",
					"integrity": "sha1-Qc+t9pO3V/rycIRDodH9WgK+9zA=",
					"requires": {
						"fbjs": "^0.8.9",
						"loose-envify": "^1.1.0",
						"object-assign": "^4.1.0",
						"prop-types": "^15.5.10"
					}
				}
			}
		},
		"@amalto/buttons-bar": {
			"version": "1.9.27",
			"resolved": "https://registry.npmjs.org/@amalto/buttons-bar/-/buttons-bar-1.9.27.tgz",
			"integrity": "sha512-RFgOv3nei1M6cnBVA4DfMVAlq+jnxCQ6utZ19KgE5143tcvupMzmsbjJvVYNfvsYIvdyWU/Kl+vgoYvaDxWLOg==",
			"requires": {
				"@amalto/helpers": "1.9.25",
				"@amalto/wordings": "1.9.15",
				"classnames": "^2.2.6",
				"react": "15.6.2"
			},
			"dependencies": {
				"react": {
					"version": "15.6.2",
					"resolved": "https://registry.npmjs.org/react/-/react-15.6.2.tgz",
					"integrity": "sha1-26BDSrQ5z+gvEI8PURZjkIF5qnI=",
					"requires": {
						"create-react-class": "^15.6.0",
						"fbjs": "^0.8.9",
						"loose-envify": "^1.1.0",
						"object-assign": "^4.1.0",
						"prop-types": "^15.5.10"
					}
				}
			}
		},
		"@amalto/data-line": {
			"version": "1.9.17",
			"resolved": "https://registry.npmjs.org/@amalto/data-line/-/data-line-1.9.17.tgz",
			"integrity": "sha512-8/ZVWWfsgDH50CPX52dQiqwx28d3BCbDGQdCGWn2Y4XnVf9NTjVkgN/lcZsmdVt1/kIKpERzWWJ8wMovstyiLQ==",
			"requires": {
				"@amalto/typings": "1.9.15",
				"classnames": "^2.2.6",
				"react": "15.6.2",
				"react-dom": "15.6.2"
			},
			"dependencies": {
				"@amalto/typings": {
					"version": "1.9.15",
					"resolved": "https://registry.npmjs.org/@amalto/typings/-/typings-1.9.15.tgz",
					"integrity": "sha512-7eX4Mrv5eZhAiqiF80uSJ/54W6scMo92SzALN4KKclIrcp90/GC/LcUfOS0eUXGTjMBJQ8f0iNlIMFCfExx7jA==",
					"requires": {
						"react": "15.6.2",
						"redux": "3.7.2"
					}
				},
				"react": {
					"version": "15.6.2",
					"resolved": "https://registry.npmjs.org/react/-/react-15.6.2.tgz",
					"integrity": "sha1-26BDSrQ5z+gvEI8PURZjkIF5qnI=",
					"requires": {
						"create-react-class": "^15.6.0",
						"fbjs": "^0.8.9",
						"loose-envify": "^1.1.0",
						"object-assign": "^4.1.0",
						"prop-types": "^15.5.10"
					}
				},
				"react-dom": {
					"version": "15.6.2",
					"resolved": "https://registry.npmjs.org/react-dom/-/react-dom-15.6.2.tgz",
					"integrity": "sha1-Qc+t9pO3V/rycIRDodH9WgK+9zA=",
					"requires": {
						"fbjs": "^0.8.9",
						"loose-envify": "^1.1.0",
						"object-assign": "^4.1.0",
						"prop-types": "^15.5.10"
					}
				}
			}
		},
		"@amalto/helpers": {
			"version": "1.9.25",
			"resolved": "https://registry.npmjs.org/@amalto/helpers/-/helpers-1.9.25.tgz",
			"integrity": "sha512-88gv5OB69+GQ8Lxm2rp15THNs/a/N953DJZKTXCWdi4ampn+aXZmp7P25yB7dq6PvB+KpVCR1NWq5RetYl/+2A==",
			"requires": {
				"@amalto/typings": "1.9.15",
				"@amalto/wordings": "1.9.14",
				"base-64": "0.1.0",
				"classnames": "^2.2.6",
				"md5": "2.2.1",
				"react": "15.6.2",
				"react-dom": "15.6.2"
			},
			"dependencies": {
				"@amalto/typings": {
					"version": "1.9.15",
					"resolved": "https://registry.npmjs.org/@amalto/typings/-/typings-1.9.15.tgz",
					"integrity": "sha512-7eX4Mrv5eZhAiqiF80uSJ/54W6scMo92SzALN4KKclIrcp90/GC/LcUfOS0eUXGTjMBJQ8f0iNlIMFCfExx7jA==",
					"requires": {
						"react": "15.6.2",
						"redux": "3.7.2"
					}
				},
				"@amalto/wordings": {
					"version": "1.9.14",
					"resolved": "https://registry.npmjs.org/@amalto/wordings/-/wordings-1.9.14.tgz",
					"integrity": "sha512-PzlcRLxZ4MiuKJcsR7xvkTuWAIpxDjjyoPHnqEMDL0bxraBbkUeeSSv/rYdeZfxKyE6lapkHhmr6GBZkqA402g==",
					"requires": {
						"react": "15.6.2",
						"react-dom": "15.6.2"
					}
				},
				"react": {
					"version": "15.6.2",
					"resolved": "https://registry.npmjs.org/react/-/react-15.6.2.tgz",
					"integrity": "sha1-26BDSrQ5z+gvEI8PURZjkIF5qnI=",
					"requires": {
						"create-react-class": "^15.6.0",
						"fbjs": "^0.8.9",
						"loose-envify": "^1.1.0",
						"object-assign": "^4.1.0",
						"prop-types": "^15.5.10"
					}
				},
				"react-dom": {
					"version": "15.6.2",
					"resolved": "https://registry.npmjs.org/react-dom/-/react-dom-15.6.2.tgz",
					"integrity": "sha1-Qc+t9pO3V/rycIRDodH9WgK+9zA=",
					"requires": {
						"fbjs": "^0.8.9",
						"loose-envify": "^1.1.0",
						"object-assign": "^4.1.0",
						"prop-types": "^15.5.10"
					}
				}
			}
		},
		"@amalto/platform6-ui": {
			"version": "2.5.3",
			"resolved": "https://registry.npmjs.org/@amalto/platform6-ui/-/platform6-ui-2.5.3.tgz",
			"integrity": "sha512-WtTK3NYuNzGpcb2bM7mzZJHglk/Gnl/hFYCmopiRuRAK7Vs/B9tpAmPCsAT0KTkqN6GvH82ZQy/zr9Zc5CFnYQ=="
		},
		"@amalto/scope-helpers": {
			"version": "1.9.18",
			"resolved": "https://registry.npmjs.org/@amalto/scope-helpers/-/scope-helpers-1.9.18.tgz",
			"integrity": "sha512-H44pelztPS86NxUFnx2S9AP//VNCx7we4iW9RRPcNWCrFzFe6x24U5wUhWMFN6bMJBA9GUOk3HHUp4Pa0QtAiw==",
			"requires": {
				"@amalto/tab": "1.9.8",
				"@amalto/typings": "1.9.15",
				"react": "15.6.2",
				"uuid": "3.2.1"
			},
			"dependencies": {
				"@amalto/typings": {
					"version": "1.9.15",
					"resolved": "https://registry.npmjs.org/@amalto/typings/-/typings-1.9.15.tgz",
					"integrity": "sha512-7eX4Mrv5eZhAiqiF80uSJ/54W6scMo92SzALN4KKclIrcp90/GC/LcUfOS0eUXGTjMBJQ8f0iNlIMFCfExx7jA==",
					"requires": {
						"react": "15.6.2",
						"redux": "3.7.2"
					}
				},
				"react": {
					"version": "15.6.2",
					"resolved": "https://registry.npmjs.org/react/-/react-15.6.2.tgz",
					"integrity": "sha1-26BDSrQ5z+gvEI8PURZjkIF5qnI=",
					"requires": {
						"create-react-class": "^15.6.0",
						"fbjs": "^0.8.9",
						"loose-envify": "^1.1.0",
						"object-assign": "^4.1.0",
						"prop-types": "^15.5.10"
					}
				}
			}
		},
		"@amalto/service-helpers": {
			"version": "1.9.29",
			"resolved": "https://registry.npmjs.org/@amalto/service-helpers/-/service-helpers-1.9.29.tgz",
			"integrity": "sha512-4GZZlniW5a4JZEaSGDSzXXM5OX165sQkjD7M7GA5fWFQTiTq7RJbskxBgxvvi7Kg2Q1s6QspdskmRWds3w3A5Q==",
			"requires": {
				"@amalto/action-button": "1.9.10",
				"@amalto/buttons-bar": "1.9.27",
				"@amalto/data-line": "1.9.17",
				"@amalto/helpers": "1.9.25",
				"@amalto/typings": "1.9.16",
				"@amalto/wordings": "1.9.15",
				"classnames": "^2.2.6",
				"react": "15.6.2"
			},
			"dependencies": {
				"react": {
					"version": "15.6.2",
					"resolved": "https://registry.npmjs.org/react/-/react-15.6.2.tgz",
					"integrity": "sha1-26BDSrQ5z+gvEI8PURZjkIF5qnI=",
					"requires": {
						"create-react-class": "^15.6.0",
						"fbjs": "^0.8.9",
						"loose-envify": "^1.1.0",
						"object-assign": "^4.1.0",
						"prop-types": "^15.5.10"
					}
				}
			}
		},
		"@amalto/tab": {
			"version": "1.9.8",
			"resolved": "https://registry.npmjs.org/@amalto/tab/-/tab-1.9.8.tgz",
			"integrity": "sha512-zYfcXYIO3vqDZtHqy3z7Xb9YoHSt+Y5vML2bFMXAe4Vp26xPXQPaWCRbn6jXyRYrCWcy3QifTzGSsv9uxleFnA==",
			"requires": {
				"classnames": "^2.2.6",
				"react": "15.6.2",
				"react-dom": "15.6.2"
			},
			"dependencies": {
				"react": {
					"version": "15.6.2",
					"resolved": "https://registry.npmjs.org/react/-/react-15.6.2.tgz",
					"integrity": "sha1-26BDSrQ5z+gvEI8PURZjkIF5qnI=",
					"requires": {
						"create-react-class": "^15.6.0",
						"fbjs": "^0.8.9",
						"loose-envify": "^1.1.0",
						"object-assign": "^4.1.0",
						"prop-types": "^15.5.10"
					}
				},
				"react-dom": {
					"version": "15.6.2",
					"resolved": "https://registry.npmjs.org/react-dom/-/react-dom-15.6.2.tgz",
					"integrity": "sha1-Qc+t9pO3V/rycIRDodH9WgK+9zA=",
					"requires": {
						"fbjs": "^0.8.9",
						"loose-envify": "^1.1.0",
						"object-assign": "^4.1.0",
						"prop-types": "^15.5.10"
					}
				}
			}
		},
		"@amalto/typings": {
			"version": "1.9.16",
			"resolved": "https://registry.npmjs.org/@amalto/typings/-/typings-1.9.16.tgz",
			"integrity": "sha512-Qenr0I39hnZaiI9dIfQRqHjlxwE7Txk3uTW9WLsdXhmQ0k/NAGn+gF4kxq7IK+SGJXP/5Nan5ANizIxvgfY3iw==",
			"requires": {
				"react": "15.6.2",
				"redux": "3.7.2"
			},
			"dependencies": {
				"react": {
					"version": "15.6.2",
					"resolved": "https://registry.npmjs.org/react/-/react-15.6.2.tgz",
					"integrity": "sha1-26BDSrQ5z+gvEI8PURZjkIF5qnI=",
					"requires": {
						"create-react-class": "^15.6.0",
						"fbjs": "^0.8.9",
						"loose-envify": "^1.1.0",
						"object-assign": "^4.1.0",
						"prop-types": "^15.5.10"
					}
				}
			}
		},
		"@amalto/wordings": {
			"version": "1.9.15",
			"resolved": "https://registry.npmjs.org/@amalto/wordings/-/wordings-1.9.15.tgz",
			"integrity": "sha512-vmm63IwsxILnwa9jNTDMEO5wWvQO8U7AuUz0aIxMfL2BTlEp8XqsM1kLpES81M/MT8U9duZgFWkoh76k5GqHzw==",
			"requires": {
				"react": "15.6.2",
				"react-dom": "15.6.2"
			},
			"dependencies": {
				"react": {
					"version": "15.6.2",
					"resolved": "https://registry.npmjs.org/react/-/react-15.6.2.tgz",
					"integrity": "sha1-26BDSrQ5z+gvEI8PURZjkIF5qnI=",
					"requires": {
						"create-react-class": "^15.6.0",
						"fbjs": "^0.8.9",
						"loose-envify": "^1.1.0",
						"object-assign": "^4.1.0",
						"prop-types": "^15.5.10"
					}
				},
				"react-dom": {
					"version": "15.6.2",
					"resolved": "https://registry.npmjs.org/react-dom/-/react-dom-15.6.2.tgz",
					"integrity": "sha1-Qc+t9pO3V/rycIRDodH9WgK+9zA=",
					"requires": {
						"fbjs": "^0.8.9",
						"loose-envify": "^1.1.0",
						"object-assign": "^4.1.0",
						"prop-types": "^15.5.10"
					}
				}
			}
		},
		"asap": {
			"version": "2.0.6",
			"resolved": "https://registry.npmjs.org/asap/-/asap-2.0.6.tgz",
			"integrity": "sha1-5QNHYR1+aQlDIIu9r+vLwvuGbUY="
		},
		"base-64": {
			"version": "0.1.0",
			"resolved": "https://registry.npmjs.org/base-64/-/base-64-0.1.0.tgz",
			"integrity": "sha1-eAqZyE59YAJgNhURxId2E78k9rs="
		},
		"charenc": {
			"version": "0.0.2",
			"resolved": "https://registry.npmjs.org/charenc/-/charenc-0.0.2.tgz",
			"integrity": "sha1-wKHS86cJLgN3S/qD8UwPxXkKhmc="
		},
		"classnames": {
			"version": "2.2.6",
			"resolved": "https://registry.npmjs.org/classnames/-/classnames-2.2.6.tgz",
			"integrity": "sha512-JR/iSQOSt+LQIWwrwEzJ9uk0xfN3mTVYMwt1Ir5mUcSN6pU+V4zQFFaJsclJbPuAUQH+yfWef6tm7l1quW3C8Q=="
		},
		"core-js": {
			"version": "1.2.7",
			"resolved": "https://registry.npmjs.org/core-js/-/core-js-1.2.7.tgz",
			"integrity": "sha1-ZSKUwUZR2yj6k70tX/KYOk8IxjY="
		},
		"create-react-class": {
			"version": "15.6.3",
			"resolved": "https://registry.npmjs.org/create-react-class/-/create-react-class-15.6.3.tgz",
			"integrity": "sha512-M+/3Q6E6DLO6Yx3OwrWjwHBnvfXXYA7W+dFjt/ZDBemHO1DDZhsalX/NUtnTYclN6GfnBDRh4qRHjcDHmlJBJg==",
			"requires": {
				"fbjs": "^0.8.9",
				"loose-envify": "^1.3.1",
				"object-assign": "^4.1.1"
			}
		},
		"crypt": {
			"version": "0.0.2",
			"resolved": "https://registry.npmjs.org/crypt/-/crypt-0.0.2.tgz",
			"integrity": "sha1-iNf/fsDfuG9xPch7u0LQRNPmxBs="
		},
		"encoding": {
			"version": "0.1.12",
			"resolved": "https://registry.npmjs.org/encoding/-/encoding-0.1.12.tgz",
			"integrity": "sha1-U4tm8+5izRq1HsMjgp0flIDHS+s=",
			"requires": {
				"iconv-lite": "~0.4.13"
			}
		},
		"fbjs": {
			"version": "0.8.17",
			"resolved": "https://registry.npmjs.org/fbjs/-/fbjs-0.8.17.tgz",
			"integrity": "sha1-xNWY6taUkRJlPWWIsBpc3Nn5D90=",
			"requires": {
				"core-js": "^1.0.0",
				"isomorphic-fetch": "^2.1.1",
				"loose-envify": "^1.0.0",
				"object-assign": "^4.1.0",
				"promise": "^7.1.1",
				"setimmediate": "^1.0.5",
				"ua-parser-js": "^0.7.18"
			}
		},
		"iconv-lite": {
			"version": "0.4.24",
			"resolved": "https://registry.npmjs.org/iconv-lite/-/iconv-lite-0.4.24.tgz",
			"integrity": "sha512-v3MXnZAcvnywkTUEZomIActle7RXXeedOR31wwl7VlyoXO4Qi9arvSenNQWne1TcRwhCL1HwLI21bEqdpj8/rA==",
			"requires": {
				"safer-buffer": ">= 2.1.2 < 3"
			}
		},
		"is-buffer": {
			"version": "1.1.6",
			"resolved": "https://registry.npmjs.org/is-buffer/-/is-buffer-1.1.6.tgz",
			"integrity": "sha512-NcdALwpXkTm5Zvvbk7owOUSvVvBKDgKP5/ewfXEznmQFfs4ZRmanOeKBTjRVjka3QFoN6XJ+9F3USqfHqTaU5w=="
		},
		"is-stream": {
			"version": "1.1.0",
			"resolved": "https://registry.npmjs.org/is-stream/-/is-stream-1.1.0.tgz",
			"integrity": "sha1-EtSj3U5o4Lec6428hBc66A2RykQ="
		},
		"isomorphic-fetch": {
			"version": "2.2.1",
			"resolved": "https://registry.npmjs.org/isomorphic-fetch/-/isomorphic-fetch-2.2.1.tgz",
			"integrity": "sha1-YRrhrPFPXoH3KVB0coGf6XM1WKk=",
			"requires": {
				"node-fetch": "^1.0.1",
				"whatwg-fetch": ">=0.10.0"
			}
		},
		"js-tokens": {
			"version": "4.0.0",
			"resolved": "https://registry.npmjs.org/js-tokens/-/js-tokens-4.0.0.tgz",
			"integrity": "sha512-RdJUflcE3cUzKiMqQgsCu06FPu9UdIJO0beYbPhHN4k6apgJtifcoCtT9bcxOpYBtpD2kCM6Sbzg4CausW/PKQ=="
		},
		"lodash": {
			"version": "4.17.15",
			"resolved": "https://registry.npmjs.org/lodash/-/lodash-4.17.15.tgz",
			"integrity": "sha512-8xOcRHvCjnocdS5cpwXQXVzmmh5e5+saE2QGoeQmbKmRS6J3VQppPOIt0MnmE+4xlZoumy0GPG0D0MVIQbNA1A=="
		},
		"lodash-es": {
			"version": "4.17.15",
			"resolved": "https://registry.npmjs.org/lodash-es/-/lodash-es-4.17.15.tgz",
			"integrity": "sha512-rlrc3yU3+JNOpZ9zj5pQtxnx2THmvRykwL4Xlxoa8I9lHBlVbbyPhgyPMioxVZ4NqyxaVVtaJnzsyOidQIhyyQ=="
		},
		"loose-envify": {
			"version": "1.4.0",
			"resolved": "https://registry.npmjs.org/loose-envify/-/loose-envify-1.4.0.tgz",
			"integrity": "sha512-lyuxPGr/Wfhrlem2CL/UcnUc1zcqKAImBDzukY7Y5F/yQiNdko6+fRLevlw1HgMySw7f611UIY408EtxRSoK3Q==",
			"requires": {
				"js-tokens": "^3.0.0 || ^4.0.0"
			}
		},
		"md5": {
			"version": "2.2.1",
			"resolved": "https://registry.npmjs.org/md5/-/md5-2.2.1.tgz",
			"integrity": "sha1-U6s41f48iJG6RlMp6iP6wFQBJvk=",
			"requires": {
				"charenc": "~0.0.1",
				"crypt": "~0.0.1",
				"is-buffer": "~1.1.1"
			}
		},
		"node-fetch": {
			"version": "1.7.3",
			"resolved": "https://registry.npmjs.org/node-fetch/-/node-fetch-1.7.3.tgz",
			"integrity": "sha512-NhZ4CsKx7cYm2vSrBAr2PvFOe6sWDf0UYLRqA6svUYg7+/TSfVAu49jYC4BvQ4Sms9SZgdqGBgroqfDhJdTyKQ==",
			"requires": {
				"encoding": "^0.1.11",
				"is-stream": "^1.0.1"
			}
		},
		"object-assign": {
			"version": "4.1.1",
			"resolved": "https://registry.npmjs.org/object-assign/-/object-assign-4.1.1.tgz",
			"integrity": "sha1-IQmtx5ZYh8/AXLvUQsrIv7s2CGM="
		},
		"promise": {
			"version": "7.3.1",
			"resolved": "https://registry.npmjs.org/promise/-/promise-7.3.1.tgz",
			"integrity": "sha512-nolQXZ/4L+bP/UGlkfaIujX9BKxGwmQ9OT4mOt5yvy8iK1h3wqTEJCijzGANTCCl9nWjY41juyAn2K3Q1hLLTg==",
			"requires": {
				"asap": "~2.0.3"
			}
		},
		"prop-types": {
			"version": "15.7.2",
			"resolved": "https://registry.npmjs.org/prop-types/-/prop-types-15.7.2.tgz",
			"integrity": "sha512-8QQikdH7//R2vurIJSutZ1smHYTcLpRWEOlHnzcWHmBYrOGUysKwSsrC89BCiFj3CbrfJ/nXFdJepOVrY1GCHQ==",
			"requires": {
				"loose-envify": "^1.4.0",
				"object-assign": "^4.1.1",
				"react-is": "^16.8.1"
			}
		},
		"react-is": {
			"version": "16.12.0",
			"resolved": "https://registry.npmjs.org/react-is/-/react-is-16.12.0.tgz",
			"integrity": "sha512-rPCkf/mWBtKc97aLL9/txD8DZdemK0vkA3JMLShjlJB3Pj3s+lpf1KaBzMfQrAmhMQB0n1cU/SUGgKKBCe837Q=="
		},
		"redux": {
			"version": "3.7.2",
			"resolved": "https://registry.npmjs.org/redux/-/redux-3.7.2.tgz",
			"integrity": "sha512-pNqnf9q1hI5HHZRBkj3bAngGZW/JMCmexDlOxw4XagXY2o1327nHH54LoTjiPJ0gizoqPDRqWyX/00g0hD6w+A==",
			"requires": {
				"lodash": "^4.2.1",
				"lodash-es": "^4.2.1",
				"loose-envify": "^1.1.0",
				"symbol-observable": "^1.0.3"
			}
		},
		"safer-buffer": {
			"version": "2.1.2",
			"resolved": "https://registry.npmjs.org/safer-buffer/-/safer-buffer-2.1.2.tgz",
			"integrity": "sha512-YZo3K82SD7Riyi0E1EQPojLz7kpepnSQI9IyPbHHg1XXXevb5dJI7tpyN2ADxGcQbHG7vcyRHk0cbwqcQriUtg=="
		},
		"setimmediate": {
			"version": "1.0.5",
			"resolved": "https://registry.npmjs.org/setimmediate/-/setimmediate-1.0.5.tgz",
			"integrity": "sha1-KQy7Iy4waULX1+qbg3Mqt4VvgoU="
		},
		"symbol-observable": {
			"version": "1.2.0",
			"resolved": "https://registry.npmjs.org/symbol-observable/-/symbol-observable-1.2.0.tgz",
			"integrity": "sha512-e900nM8RRtGhlV36KGEU9k65K3mPb1WV70OdjfxlG2EAuM1noi/E/BaW/uMhL7bPEssK8QV57vN3esixjUvcXQ=="
		},
		"ua-parser-js": {
			"version": "0.7.20",
			"resolved": "https://registry.npmjs.org/ua-parser-js/-/ua-parser-js-0.7.20.tgz",
			"integrity": "sha512-8OaIKfzL5cpx8eCMAhhvTlft8GYF8b2eQr6JkCyVdrgjcytyOmPCXrqXFcUnhonRpLlh5yxEZVohm6mzaowUOw=="
		},
		"uuid": {
			"version": "3.2.1",
			"resolved": "https://registry.npmjs.org/uuid/-/uuid-3.2.1.tgz",
			"integrity": "sha512-jZnMwlb9Iku/O3smGWvZhauCf6cvvpKi4BKRiliS3cxnI+Gz9j5MEpTz2UFuXiKPJocb7gnsLHwiS05ige5BEA=="
		},
		"whatwg-fetch": {
			"version": "3.0.0",
			"resolved": "https://registry.npmjs.org/whatwg-fetch/-/whatwg-fetch-3.0.0.tgz",
			"integrity": "sha512-9GSJUgz1D4MfyKU7KRqwOjXCXTqWdFNvEr7eUBYchQiVc744mqK/MzXPNR2WsPkmkOa4ywfg8C2n8h+13Bey1Q=="
		}
	}
}
