{
  "name": "@amalto/restricted",
  "version": "1.10.8",
  "lockfileVersion": 1,
  "requires": true,
  "dependencies": {
    "@amalto/platform6-ui": {
      "version": "2.9.6",
      "resolved": "https://registry.npmjs.org/@amalto/platform6-ui/-/platform6-ui-2.9.6.tgz",
      "integrity": "sha512-zfx7Pk2bfLEetNNenUtf4erpCzYmQ+iEp0q0QRJAnxQ/qbZhbBOxpYOhh7/5mbJRj3YsJtnkFFeyI4jm9W9erw=="
    }
  }
}
