{
	"requires": true,
	"lockfileVersion": 1,
	"dependencies": {
		"@amalto/platform6-ui": {
			"version": "1.18.0-alpha.6",
			"resolved": "https://registry.npmjs.org/@amalto/platform6-ui/-/platform6-ui-1.18.0-alpha.6.tgz",
			"integrity": "sha512-QCRUIf16wBJ6EUmsFetujA5sisaRvwW5yH8dcPtcaO380+3UUCoT/DN1SBhWmbvRuODtqT9gHvWsYOszFOd2xw=="
		}
	}
}
