{
    "name": "@amalto/code-editor",
    "version": "1.7.3",
    "lockfileVersion": 1,
    "requires": true,
    "dependencies": {
        "@babel/runtime": {
            "version": "7.3.4",
            "resolved": "https://registry.npmjs.org/@babel/runtime/-/runtime-7.3.4.tgz",
            "integrity": "sha512-IvfvnMdSaLBateu0jfsYIpZTxAc2cKEXEMiezGGN75QcBcecDUKd3PgLAncT0oOgxKy8dd8hrJKj9MfzgfZd6g==",
            "requires": {
                "regenerator-runtime": "0.12.1"
            },
            "dependencies": {
                "regenerator-runtime": {
                    "version": "0.12.1",
                    "resolved": "https://registry.npmjs.org/regenerator-runtime/-/regenerator-runtime-0.12.1.tgz",
                    "integrity": "sha512-odxIc1/vDlo4iZcfXqRYFj0vpXFNoGdKMAUieAlFYO6m/nl5e9KR/beGf41z4a1FI+aQgtjhuaSlDxQ0hmkrHg=="
                }
            }
        },
        "attr-accept": {
            "version": "1.1.3",
            "resolved": "https://registry.npmjs.org/attr-accept/-/attr-accept-1.1.3.tgz",
            "integrity": "sha512-iT40nudw8zmCweivz6j58g+RT33I4KbaIvRUhjNmDwO2WmsQUxFEZZYZ5w3vXe5x5MX9D7mfvA/XaLOZYFR9EQ==",
            "requires": {
                "core-js": "2.6.5"
            },
            "dependencies": {
                "core-js": {
                    "version": "2.6.5",
                    "resolved": "https://registry.npmjs.org/core-js/-/core-js-2.6.5.tgz",
                    "integrity": "sha512-klh/kDpwX8hryYL14M9w/xei6vrv6sE8gTHDG7/T/+SEovB/G4ejwcfE/CBzO6Edsu+OETZMZ3wcX/EjUkrl5A=="
                }
            }
        },
        "file-selector": {
            "version": "0.1.10",
            "resolved": "https://registry.npmjs.org/file-selector/-/file-selector-0.1.10.tgz",
            "integrity": "sha512-wr0KDRkIZPDUc5zHsBEbtIa0A5apzA15aYGdDFYzUnGFVF+uXO5izWTRtA3oj+HO7+RMi76XqKdcx66gNmsBcw==",
            "requires": {
                "tslib": "1.9.3"
            }
        },
        "js-tokens": {
            "version": "4.0.0",
            "resolved": "https://registry.npmjs.org/js-tokens/-/js-tokens-4.0.0.tgz",
            "integrity": "sha512-RdJUflcE3cUzKiMqQgsCu06FPu9UdIJO0beYbPhHN4k6apgJtifcoCtT9bcxOpYBtpD2kCM6Sbzg4CausW/PKQ=="
        },
        "loose-envify": {
            "version": "1.4.0",
            "resolved": "https://registry.npmjs.org/loose-envify/-/loose-envify-1.4.0.tgz",
            "integrity": "sha512-lyuxPGr/Wfhrlem2CL/UcnUc1zcqKAImBDzukY7Y5F/yQiNdko6+fRLevlw1HgMySw7f611UIY408EtxRSoK3Q==",
            "requires": {
                "js-tokens": "4.0.0"
            }
        },
        "object-assign": {
            "version": "4.1.1",
            "resolved": "https://registry.npmjs.org/object-assign/-/object-assign-4.1.1.tgz",
            "integrity": "sha1-IQmtx5ZYh8/AXLvUQsrIv7s2CGM="
        },
        "prop-types": {
            "version": "15.7.2",
            "resolved": "https://registry.npmjs.org/prop-types/-/prop-types-15.7.2.tgz",
            "integrity": "sha512-8QQikdH7//R2vurIJSutZ1smHYTcLpRWEOlHnzcWHmBYrOGUysKwSsrC89BCiFj3CbrfJ/nXFdJepOVrY1GCHQ==",
            "requires": {
                "loose-envify": "1.4.0",
                "object-assign": "4.1.1",
                "react-is": "16.8.3"
            }
        },
        "react": {
            "version": "16.8.3",
            "resolved": "https://registry.npmjs.org/react/-/react-16.8.3.tgz",
            "integrity": "sha512-3UoSIsEq8yTJuSu0luO1QQWYbgGEILm+eJl2QN/VLDi7hL+EN18M3q3oVZwmVzzBJ3DkM7RMdRwBmZZ+b4IzSA==",
            "requires": {
                "loose-envify": "1.4.0",
                "object-assign": "4.1.1",
                "prop-types": "15.7.2",
                "scheduler": "0.13.3"
            }
        },
        "react-dropzone": {
            "version": "10.0.0",
            "resolved": "https://registry.npmjs.org/react-dropzone/-/react-dropzone-10.0.0.tgz",
            "integrity": "sha512-5PPPH0reRDStgISi5tKZgez67VP+t1hKD9cuH+2Y3t+ddmBzaVdd4KEhBXSsBdod73T4XqUMKgAJSTH0iOqZhw==",
            "requires": {
                "attr-accept": "1.1.3",
                "file-selector": "0.1.10",
                "prop-types": "15.7.2"
            }
        },
        "react-is": {
            "version": "16.8.3",
            "resolved": "https://registry.npmjs.org/react-is/-/react-is-16.8.3.tgz",
            "integrity": "sha512-Y4rC1ZJmsxxkkPuMLwvKvlL1Zfpbcu+Bf4ZigkHup3v9EfdYhAlWAaVyA19olXq2o2mGn0w+dFKvk3pVVlYcIA=="
        },
        "react-signature-pad-wrapper": {
            "version": "1.2.4",
            "resolved": "https://registry.npmjs.org/react-signature-pad-wrapper/-/react-signature-pad-wrapper-1.2.4.tgz",
            "integrity": "sha512-pBRUzT8Xo/ePQm04VAZDHBMiqR39I3s6Iihqg+TiEj8isA2rrkmbC9EgwJFPi8bnDpYrt9/zYUUhqM+fERZy4w==",
            "requires": {
                "@babel/runtime": "7.3.4",
                "prop-types": "15.7.2",
                "react": "16.8.3",
                "signature_pad": "2.3.2",
                "throttle-debounce": "2.1.0"
            }
        },
        "scheduler": {
            "version": "0.13.3",
            "resolved": "https://registry.npmjs.org/scheduler/-/scheduler-0.13.3.tgz",
            "integrity": "sha512-UxN5QRYWtpR1egNWzJcVLk8jlegxAugswQc984lD3kU7NuobsO37/sRfbpTdBjtnD5TBNFA2Q2oLV5+UmPSmEQ==",
            "requires": {
                "loose-envify": "1.4.0",
                "object-assign": "4.1.1"
            }
        },
        "signature_pad": {
            "version": "2.3.2",
            "resolved": "https://registry.npmjs.org/signature_pad/-/signature_pad-2.3.2.tgz",
            "integrity": "sha512-peYXLxOsIY6MES2TrRLDiNg2T++8gGbpP2yaC+6Ohtxr+a2dzoaqWosWDY9sWqTAAk6E/TyQO+LJw9zQwyu5kA=="
        },
        "throttle-debounce": {
            "version": "2.1.0",
            "resolved": "https://registry.npmjs.org/throttle-debounce/-/throttle-debounce-2.1.0.tgz",
            "integrity": "sha512-AOvyNahXQuU7NN+VVvOOX+uW6FPaWdAOdRP5HfwYxAfCzXTFKRMoIMk+n+po318+ktcChx+F1Dd91G3YHeMKyg=="
        },
        "tslib": {
            "version": "1.9.3",
            "resolved": "https://registry.npmjs.org/tslib/-/tslib-1.9.3.tgz",
            "integrity": "sha512-4krF8scpejhaOgqzBEcGM7yDIEfi0/8+8zDRZhNZZ2kjmHJ4hv3zCbQWxoJGz1iw5U0Jl0nma13xzHXcncMavQ=="
        }
    }
}
